
Microsoft Visual Studio Solution File, Format Version 12.00
# Visual Studio 2013
VisualStudioVersion = 12.0.30324.0
MinimumVisualStudioVersion = 10.0.40219.1
Project("{FAE04EC0-301F-11D3-BF4B-00C04F79EFBC}") = "PrivateCache", "src\PrivateCache\PrivateCache.csproj", "{5318637C-41C9-43EB-A357-DC40B00E008F}"
EndProject
Project("{FAE04EC0-301F-11D3-BF4B-00C04F79EFBC}") = "PrivateCacheTests", "src\PrivateCacheTests\PrivateCacheTests.csproj", "{81A0113C-44C8-44F3-B855-9FFAF5E63FC5}"
EndProject
Project("{FAE04EC0-301F-11D3-BF4B-00C04F79EFBC}") = "PrivateCache-Net40", "src\PrivateCache\PrivateCache-Net40.csproj", "{54DA742E-963C-4008-9E83-A6787EE270EF}"
EndProject
Global
	GlobalSection(SolutionConfigurationPlatforms) = preSolution
		Debug|Any CPU = Debug|Any CPU
		Release|Any CPU = Release|Any CPU
	EndGlobalSection
	GlobalSection(ProjectConfigurationPlatforms) = postSolution
		{5318637C-41C9-43EB-A357-DC40B00E008F}.Debug|Any CPU.ActiveCfg = Debug|Any CPU
		{5318637C-41C9-43EB-A357-DC40B00E008F}.Debug|Any CPU.Build.0 = Debug|Any CPU
		{5318637C-41C9-43EB-A357-DC40B00E008F}.Release|Any CPU.ActiveCfg = Release|Any CPU
		{5318637C-41C9-43EB-A357-DC40B00E008F}.Release|Any CPU.Build.0 = Release|Any CPU
		{81A0113C-44C8-44F3-B855-9FFAF5E63FC5}.Debug|Any CPU.ActiveCfg = Debug|Any CPU
		{81A0113C-44C8-44F3-B855-9FFAF5E63FC5}.Debug|Any CPU.Build.0 = Debug|Any CPU
		{81A0113C-44C8-44F3-B855-9FFAF5E63FC5}.Release|Any CPU.ActiveCfg = Release|Any CPU
		{81A0113C-44C8-44F3-B855-9FFAF5E63FC5}.Release|Any CPU.Build.0 = Release|Any CPU
		{54DA742E-963C-4008-9E83-A6787EE270EF}.Debug|Any CPU.ActiveCfg = Debug|Any CPU
		{54DA742E-963C-4008-9E83-A6787EE270EF}.Debug|Any CPU.Build.0 = Debug|Any CPU
		{54DA742E-963C-4008-9E83-A6787EE270EF}.Release|Any CPU.ActiveCfg = Release|Any CPU
		{54DA742E-963C-4008-9E83-A6787EE270EF}.Release|Any CPU.Build.0 = Release|Any CPU
	EndGlobalSection
	GlobalSection(SolutionProperties) = preSolution
		HideSolutionNode = FALSE
	EndGlobalSection
EndGlobal
